github.com/Nr90/imgsim v0.0.0-20180202144352-5caa057144b0 h1:8cjsGKoi/1QBb0V2ps3iBra9c4o+qY/NaJ15NsdjmQ4=
github.com/Nr90/imgsim v0.0.0-20180202144352-5caa057144b0/go.mod h1:PSWPVD+KeWK3XVt0i/AahAMRw38OZ1k1vJpJLuvIY1w=
github.com/VividCortex/ewma v1.1.1 h1:MnEK4VOv6n0RSY4vtRe3h11qjxL3+t0B8yOL8iMXdcM=
github.com/VividCortex/ewma v1.1.1/go.mod h1:2Tkkvm3sRDVXaiyucHiACn4cqf7DpdyLvmxzcbUokwA=
github.com/mattn/go-isatty v0.0.4 h1:bnP0vzxcAdeI1zdubAl5PjU6zsERjGZb7raWodagDYs=
github.com/mattn/go-isatty v0.0.4/go.mod h1:M+lRXTBqGeGNdLjl/ufCoiOlB5xdOkqRJdNxMWT7Zi4=
github.com/nfnt/resize v0.0.0-20180221191011-83c6a9932646 h1:zYyBkD/k9seD2A7fsi6Oo2LfFZAehjjQMERAvZLEDnQ=
github.com/nfnt/resize v0.0.0-20180221191011-83c6a9932646/go.mod h1:jpp1/29i3P1S/RLdc7JQKbRpFeM1dOBd8T9ki5s+AY8=
github.com/rivo/duplo v0.0.0-20180323201418-c4ec823d58cd h1:if+/aco/wZitSP1n2F2S/eWjqajTLdWOSyZ9VdjL3JA=
github.com/rivo/duplo v0.0.0-20180323201418-c4ec823d58cd/go.mod h1:gw8DEItjXFxacZzluOv7azm5G22Vvx/OBZb7Wqoqp9M=
github.com/vbauerster/mpb v3.3.4+incompatible h1:DDIhnwmgTQIDZo+SWlEr5d6mJBxkOLBwCXPzunhEfJ4=
github.com/vbauerster/mpb v3.3.4+incompatible/go.mod h1:zAHG26FUhVKETRu+MWqYXcI70POlC6N8up9p1dID7SU=
golang.org/x/crypto v0.0.0-20190123085648-057139ce5d2b h1:Elez2XeF2p9uyVj0yEUDqQ56NFcDtcBNkYP7yv8YbUE=
golang.org/x/crypto v0.0.0-20190123085648-057139ce5d2b/go.mod h1:6SG95UA2DQfeDnfUPMdvaQW0Q7yPrPDi9nlGo2tz2b4=
golang.org/x/sys v0.0.0-20190124100055-b90733256f2e h1:3GIlrlVLfkoipSReOMNAgApI0ajnalyLa/EZHHca/XI=
golang.org/x/sys v0.0.0-20190124100055-b90733256f2e/go.mod h1:STP8DvDyc/dI5b8T5hshtkjS+E42TnysNCUPdjciGhY=
